<?xml version="1.0" encoding="utf-8"?>
<Project ToolsVersion="4.0" xmlns="http://schemas.microsoft.com/developer/msbuild/2003">
  <ItemGroup>
    <FxCompile Include="VS_DiffuseSpecular.hlsl">
      <Filter>Shaders</Filter>
    </FxCompile>
    <FxCompile Include="PS_DiffuseSpecular.hlsl">
      <Filter>Shaders</Filter>
    </FxCompile>
    <FxCompile Include="PS_UVs.hlsl">
      <Filter>Shaders</Filter>
    </FxCompile>
    <FxCompile Include="PS_Normals.hlsl">
      <Filter>Shaders</Filter>
    </FxCompile>
    <FxCompile Include="PS_Custom.hlsl">
      <Filter>Shaders</Filter>
    </FxCompile>
    <FxCompile Include="PS_DiffuseNormal.hlsl">
      <Filter>Shaders</Filter>
    </FxCompile>
    <FxCompile Include="VS_DiffuseNormal.hlsl">
      <Filter>Shaders</Filter>
    </FxCompile>
    <FxCompile Include="VS_Skybox.hlsl">
      <Filter>Shaders</Filter>
    </FxCompile>
    <FxCompile Include="PS_Skybox.hlsl">
      <Filter>Shaders</Filter>
    </FxCompile>
    <FxCompile Include="VS_PBR.hlsl">
      <Filter>Shaders</Filter>
    </FxCompile>
    <FxCompile Include="PS_PBR.hlsl">
      <Filter>Shaders</Filter>
    </FxCompile>
    <FxCompile Include="VS_ShadowMap.hlsl">
      <Filter>Shaders</Filter>
    </FxCompile>
    <FxCompile Include="VS_PostProcess.hlsl">
      <Filter>Shaders</Filter>
    </FxCompile>
    <FxCompile Include="PS_PostProcess_Blur.hlsl">
      <Filter>Shaders</Filter>
    </FxCompile>
    <FxCompile Include="PS_PostProcess_Dither.hlsl">
      <Filter>Shaders</Filter>
    </FxCompile>
    <FxCompile Include="PS_Particle.hlsl">
      <Filter>Shaders</Filter>
    </FxCompile>
    <FxCompile Include="VS_Particle.hlsl">
      <Filter>Shaders</Filter>
    </FxCompile>
    <FxCompile Include="PS_FoliageLeaf.hlsl">
      <Filter>Shaders</Filter>
    </FxCompile>
  </ItemGroup>
  <ItemGroup>
    <ClCompile Include="Game.cpp">
      <Filter>Source Files</Filter>
    </ClCompile>
    <ClCompile Include="Graphics.cpp">
      <Filter>Source Files</Filter>
    </ClCompile>
    <ClCompile Include="Input.cpp">
      <Filter>Source Files</Filter>
    </ClCompile>
    <ClCompile Include="Main.cpp">
      <Filter>Source Files</Filter>
    </ClCompile>
    <ClCompile Include="PathHelpers.cpp">
      <Filter>Source Files</Filter>
    </ClCompile>
    <ClCompile Include="Window.cpp">
      <Filter>Source Files</Filter>
    </ClCompile>
    <ClCompile Include="ImGui\imgui.cpp">
      <Filter>Source Files\ImGui</Filter>
    </ClCompile>
    <ClCompile Include="ImGui\imgui_demo.cpp">
      <Filter>Source Files\ImGui</Filter>
    </ClCompile>
    <ClCompile Include="ImGui\imgui_draw.cpp">
      <Filter>Source Files\ImGui</Filter>
    </ClCompile>
    <ClCompile Include="ImGui\imgui_impl_dx11.cpp">
      <Filter>Source Files\ImGui</Filter>
    </ClCompile>
    <ClCompile Include="ImGui\imgui_impl_win32.cpp">
      <Filter>Source Files\ImGui</Filter>
    </ClCompile>
    <ClCompile Include="ImGui\imgui_tables.cpp">
      <Filter>Source Files\ImGui</Filter>
    </ClCompile>
    <ClCompile Include="ImGui\imgui_widgets.cpp">
      <Filter>Source Files\ImGui</Filter>
    </ClCompile>
    <ClCompile Include="Mesh.cpp">
      <Filter>Source Files</Filter>
    </ClCompile>
    <ClCompile Include="Entity.cpp">
      <Filter>Source Files</Filter>
    </ClCompile>
    <ClCompile Include="Transform.cpp">
      <Filter>Source Files</Filter>
    </ClCompile>
    <ClCompile Include="Camera.cpp">
      <Filter>Source Files</Filter>
    </ClCompile>
    <ClCompile Include="SimpleShader.cpp">
      <Filter>Source Files</Filter>
    </ClCompile>
    <ClCompile Include="Material.cpp">
      <Filter>Source Files</Filter>
    </ClCompile>
    <ClCompile Include="Skybox.cpp">
      <Filter>Source Files</Filter>
    </ClCompile>
    <ClCompile Include="ParticleEmitter.cpp">
      <Filter>Source Files</Filter>
    </ClCompile>
    <ClCompile Include="Foliage.cpp">
      <Filter>Source Files</Filter>
    </ClCompile>
  </ItemGroup>
  <ItemGroup>
    <ClInclude Include="Game.h">
      <Filter>Header Files</Filter>
    </ClInclude>
    <ClInclude Include="Graphics.h">
      <Filter>Header Files</Filter>
    </ClInclude>
    <ClInclude Include="Input.h">
      <Filter>Header Files</Filter>
    </ClInclude>
    <ClInclude Include="PathHelpers.h">
      <Filter>Header Files</Filter>
    </ClInclude>
    <ClInclude Include="Vertex.h">
      <Filter>Header Files</Filter>
    </ClInclude>
    <ClInclude Include="Window.h">
      <Filter>Header Files</Filter>
    </ClInclude>
    <ClInclude Include="ImGui\imconfig.h">
      <Filter>Header Files\ImGui</Filter>
    </ClInclude>
    <ClInclude Include="ImGui\imgui.h">
      <Filter>Header Files\ImGui</Filter>
    </ClInclude>
    <ClInclude Include="ImGui\imgui_impl_dx11.h">
      <Filter>Header Files\ImGui</Filter>
    </ClInclude>
    <ClInclude Include="ImGui\imgui_impl_win32.h">
      <Filter>Header Files\ImGui</Filter>
    </ClInclude>
    <ClInclude Include="ImGui\imgui_internal.h">
      <Filter>Header Files\ImGui</Filter>
    </ClInclude>
    <ClInclude Include="ImGui\imstb_rectpack.h">
      <Filter>Header Files\ImGui</Filter>
    </ClInclude>
    <ClInclude Include="ImGui\imstb_textedit.h">
      <Filter>Header Files\ImGui</Filter>
    </ClInclude>
    <ClInclude Include="ImGui\imstb_truetype.h">
      <Filter>Header Files\ImGui</Filter>
    </ClInclude>
    <ClInclude Include="Mesh.h">
      <Filter>Header Files</Filter>
    </ClInclude>
    <ClInclude Include="Entity.h">
      <Filter>Header Files</Filter>
    </ClInclude>
    <ClInclude Include="Transform.h">
      <Filter>Header Files</Filter>
    </ClInclude>
    <ClInclude Include="Camera.h">
      <Filter>Header Files</Filter>
    </ClInclude>
    <ClInclude Include="SimpleShader.h">
      <Filter>Header Files</Filter>
    </ClInclude>
    <ClInclude Include="Material.h">
      <Filter>Header Files</Filter>
    </ClInclude>
    <ClInclude Include="Lights.h">
      <Filter>Header Files</Filter>
    </ClInclude>
    <ClInclude Include="Skybox.h">
      <Filter>Header Files</Filter>
    </ClInclude>
    <ClInclude Include="Particle.h">
      <Filter>Header Files</Filter>
    </ClInclude>
    <ClInclude Include="ParticleEmitter.h">
      <Filter>Header Files</Filter>
    </ClInclude>
    <ClInclude Include="Foliage.h">
      <Filter>Header Files</Filter>
    </ClInclude>
  </ItemGroup>
  <ItemGroup>
    <Filter Include="Header Files">
      <UniqueIdentifier>{32fb4cfa-2bc4-4049-9213-0fce4f4adc49}</UniqueIdentifier>
    </Filter>
    <Filter Include="Header Files\ImGui">
      <UniqueIdentifier>{43c70c6e-e2b3-4d83-9442-36711913b4d6}</UniqueIdentifier>
    </Filter>
    <Filter Include="Source Files">
      <UniqueIdentifier>{884ae7a2-37e9-43ee-bb81-9374c7bc84eb}</UniqueIdentifier>
    </Filter>
    <Filter Include="Shaders">
      <UniqueIdentifier>{80ed1efd-ea19-4bb3-a31e-f7698b9506a8}</UniqueIdentifier>
    </Filter>
    <Filter Include="Source Files\ImGui">
      <UniqueIdentifier>{81b25404-7f75-4f37-ada4-f7fb36533c8d}</UniqueIdentifier>
    </Filter>
    <Filter Include="Shaders\ShaderIncludes">
      <UniqueIdentifier>{9a97a34f-3e1a-4ce4-82ff-21626f82df89}</UniqueIdentifier>
    </Filter>
  </ItemGroup>
  <ItemGroup>
    <None Include="packages.config" />
    <None Include="ShaderLighting.hlsli">
      <Filter>Shaders\ShaderIncludes</Filter>
    </None>
    <None Include="ShaderStructs.hlsli">
      <Filter>Shaders\ShaderIncludes</Filter>
    </None>
    <None Include="ShaderNormals.hlsli">
      <Filter>Shaders\ShaderIncludes</Filter>
    </None>
    <None Include="ShaderRandom.hlsli">
      <Filter>Shaders\ShaderIncludes</Filter>
    </None>
  </ItemGroup>
  <ItemGroup>
    <Text Include="TextureReadMe.txt" />
    <Text Include="Final_ReadMe.txt" />
    <Text Include="README.txt" />
  </ItemGroup>
</Project>